
Microsoft Visual Studio Solution File, Format Version 12.00
# Visual Studio Version 17
VisualStudioVersion = 17.0.31919.166
MinimumVisualStudioVersion = 10.0.40219.1
Project("{9A19103F-16F7-4668-BE54-9A1E7A4F7556}") = "Tests", "Tests\Tests.csproj", "{B2B3AC11-37C8-46D7-9BE1-E9F085910146}"
EndProject
Project("{9A19103F-16F7-4668-BE54-9A1E7A4F7556}") = "01 SonarSweep", "SonarSweep\01 SonarSweep.csproj", "{BB7F3A22-AA71-4081-A31E-CE599858815F}"
EndProject
Project("{9A19103F-16F7-4668-BE54-9A1E7A4F7556}") = "01 SonarSweep2", "SonarSweep2\01 SonarSweep2.csproj", "{04B34B3E-2CB9-44D4-9A89-D38115BF9AF6}"
EndProject
Project("{9A19103F-16F7-4668-BE54-9A1E7A4F7556}") = "02 Dive", "Dive\02 Dive.csproj", "{F50C28AD-F0A5-441C-9B2F-CE6015BF896B}"
EndProject
Project("{9A19103F-16F7-4668-BE54-9A1E7A4F7556}") = "02 Dive2", "Dive2\02 Dive2.csproj", "{18E11051-F835-4CE3-AD51-71C70C4904BF}"
EndProject
Project("{9A19103F-16F7-4668-BE54-9A1E7A4F7556}") = "03 BinaryDiagnostic", "BinaryDiagnostic\03 BinaryDiagnostic.csproj", "{306AA4FE-D010-447E-B4A2-39BB3C0405F9}"
EndProject
Project("{9A19103F-16F7-4668-BE54-9A1E7A4F7556}") = "03 BinaryDiagnostic2", "BinaryDiagnostic2\03 BinaryDiagnostic2.csproj", "{353241F7-0C6F-43BA-BB0F-CC17AC7DE65B}"
EndProject
Project("{9A19103F-16F7-4668-BE54-9A1E7A4F7556}") = "04 GiantSquid", "GiantSquid\04 GiantSquid.csproj", "{DA55D0CD-77E8-4FDC-A3AE-8F93F6CE87A7}"
EndProject
Project("{9A19103F-16F7-4668-BE54-9A1E7A4F7556}") = "04 GiantSquid2", "GiantSquid2\04 GiantSquid2.csproj", "{8A44C1B2-14D9-421D-8392-A698BE83B47A}"
EndProject
Project("{9A19103F-16F7-4668-BE54-9A1E7A4F7556}") = "05 HydrothermalVenture", "HydrothermalVenture\05 HydrothermalVenture.csproj", "{5903E2DB-FE95-47C0-AFC7-60ABBD22E791}"
EndProject
Project("{9A19103F-16F7-4668-BE54-9A1E7A4F7556}") = "05 HydrothermalVenture2", "HydrothermalVenture2\05 HydrothermalVenture2.csproj", "{FB27E817-4DFA-4A1E-B5E8-0AF54A5AF6C8}"
EndProject
Project("{9A19103F-16F7-4668-BE54-9A1E7A4F7556}") = "06 Lanternfish", "Lanternfish\06 Lanternfish.csproj", "{8D663E17-93BE-4D24-8BF3-402A3DD1D0B9}"
EndProject
Project("{9A19103F-16F7-4668-BE54-9A1E7A4F7556}") = "06 Lanternfish2", "Lanternfish2\06 Lanternfish2.csproj", "{27DA8AC6-68CE-4C1D-B40D-3EEA1E4BF942}"
EndProject
Project("{9A19103F-16F7-4668-BE54-9A1E7A4F7556}") = "07 TreacheryOfWhales", "TreacheryOfWhales\07 TreacheryOfWhales.csproj", "{25B9DED3-535D-4BAE-91F1-515124C5D1E8}"
EndProject
Project("{9A19103F-16F7-4668-BE54-9A1E7A4F7556}") = "07 TreacheryOfWhales2", "TreacheryOfWhales2\07 TreacheryOfWhales2.csproj", "{AA72F252-C51D-4936-B855-863A227EFCD8}"
EndProject
Project("{9A19103F-16F7-4668-BE54-9A1E7A4F7556}") = "08 SevenSegmentSearch", "SevenSegmentSearch\08 SevenSegmentSearch.csproj", "{24CB8DFF-703D-48E3-9BD4-E6AD66EC25B6}"
EndProject
Project("{9A19103F-16F7-4668-BE54-9A1E7A4F7556}") = "08 SevenSegmentSearch2", "SevenSegmentSearch2\08 SevenSegmentSearch2.csproj", "{BC8B130A-2C86-4F04-9D88-167CCECD1704}"
EndProject
Project("{9A19103F-16F7-4668-BE54-9A1E7A4F7556}") = "09 SmokeBasin", "SmokeBasin\09 SmokeBasin.csproj", "{762F603D-3960-469E-B9C8-A08B38D0E5A4}"
EndProject
Project("{9A19103F-16F7-4668-BE54-9A1E7A4F7556}") = "09 SmokeBasin2", "SmokeBasin2\09 SmokeBasin2.csproj", "{3D40DA50-228A-4CD6-871C-BE5809A25EAC}"
EndProject
Project("{9A19103F-16F7-4668-BE54-9A1E7A4F7556}") = "10 SyntaxScoring", "SyntaxScoring\10 SyntaxScoring.csproj", "{51559E5C-B01D-4508-91CA-9A47BAE4E402}"
EndProject
Project("{9A19103F-16F7-4668-BE54-9A1E7A4F7556}") = "10 SyntaxScoring2", "SyntaxScoring2\10 SyntaxScoring2.csproj", "{85B14EB7-EEEA-4936-940B-B7E1EF6E8953}"
EndProject
Project("{9A19103F-16F7-4668-BE54-9A1E7A4F7556}") = "11 DumboOctopus", "DumboOctopus\11 DumboOctopus.csproj", "{991BCC4B-1556-40D8-A057-AF878A868FD4}"
EndProject
Project("{9A19103F-16F7-4668-BE54-9A1E7A4F7556}") = "11 DumboOctopus2", "DumboOctopus2\11 DumboOctopus2.csproj", "{AD9FEA3A-4914-4082-9A5B-C780553A7225}"
EndProject
Project("{9A19103F-16F7-4668-BE54-9A1E7A4F7556}") = "12 PassagePathing", "PassagePathing\12 PassagePathing.csproj", "{1674B2E6-E7A8-4C7D-AC8A-58BAC17558D4}"
EndProject
Project("{9A19103F-16F7-4668-BE54-9A1E7A4F7556}") = "12 PassagePathing2", "PassagePathing2\12 PassagePathing2.csproj", "{73F746AD-0BE4-4A54-A451-76694DDDDECF}"
EndProject
Project("{9A19103F-16F7-4668-BE54-9A1E7A4F7556}") = "13 TransparentOrigami", "TransparentOrigami\13 TransparentOrigami.csproj", "{85640EED-EBD6-4D45-842B-92EFC4110064}"
EndProject
Project("{9A19103F-16F7-4668-BE54-9A1E7A4F7556}") = "13 TransparentOrigami2", "TransparentOrigami2\13 TransparentOrigami2.csproj", "{262A1519-FA5D-4674-BDE1-DD20076B186D}"
EndProject
Project("{9A19103F-16F7-4668-BE54-9A1E7A4F7556}") = "14 ExtendedPolymerization", "ExtendedPolymerization\14 ExtendedPolymerization.csproj", "{6C63E54F-2BEB-4176-B01B-6327C42AE72A}"
EndProject
Project("{9A19103F-16F7-4668-BE54-9A1E7A4F7556}") = "14 ExtendedPolymerization2", "ExtendedPolymerization2\14 ExtendedPolymerization2.csproj", "{2B0B11FA-F568-443F-AA12-AF8F8C6FE8C6}"
EndProject
Project("{9A19103F-16F7-4668-BE54-9A1E7A4F7556}") = "15 Chiton", "Chiton\15 Chiton.csproj", "{33DBE421-ABB6-43D2-A34E-F3E7778174E7}"
EndProject
Project("{9A19103F-16F7-4668-BE54-9A1E7A4F7556}") = "15 Chiton2", "Chiton2\15 Chiton2.csproj", "{041D37B2-254E-4CE6-AAFF-AA7B4ECAF33E}"
EndProject
Project("{9A19103F-16F7-4668-BE54-9A1E7A4F7556}") = "16 PacketDecoder", "PacketDecoder\16 PacketDecoder.csproj", "{85BB4CCD-CB0C-421D-B1ED-BB015339CAC9}"
EndProject
Project("{9A19103F-16F7-4668-BE54-9A1E7A4F7556}") = "16 PacketDecoder2", "PacketDecoder2\16 PacketDecoder2.csproj", "{E90FDECB-89EC-4D30-A1A0-D9750DC3187C}"
EndProject
Project("{9A19103F-16F7-4668-BE54-9A1E7A4F7556}") = "17 TrickShot", "TrickShot\17 TrickShot.csproj", "{50D53FAF-A2D3-4D2A-86AC-AAE494A1F534}"
EndProject
Project("{9A19103F-16F7-4668-BE54-9A1E7A4F7556}") = "17 TrickShot2", "TrickShot2\17 TrickShot2.csproj", "{33061889-7EF2-4B48-94F9-756D3D85B1E8}"
EndProject
Project("{9A19103F-16F7-4668-BE54-9A1E7A4F7556}") = "18 Snailfish", "Snailfish\18 Snailfish.csproj", "{EB2F6F9C-950B-4344-8108-08AB08782368}"
EndProject
Project("{9A19103F-16F7-4668-BE54-9A1E7A4F7556}") = "18 Snailfish2", "Snailfish2\18 Snailfish2.csproj", "{3219E0A9-F4ED-448E-A51D-5EE742917753}"
EndProject
Project("{9A19103F-16F7-4668-BE54-9A1E7A4F7556}") = "19 BeaconScanner", "BeaconScanner\19 BeaconScanner.csproj", "{2E20DF17-1E8F-4D56-B4B4-37F6DD84FDB4}"
EndProject
Project("{9A19103F-16F7-4668-BE54-9A1E7A4F7556}") = "19 BeaconScanner2", "BeaconScanner2\19 BeaconScanner2.csproj", "{FB48266D-9A84-4ACA-B32B-9BA7CB5A3D1C}"
EndProject
Project("{9A19103F-16F7-4668-BE54-9A1E7A4F7556}") = "20 TrenchMap", "TrenchMap\20 TrenchMap.csproj", "{8E5673CC-C98C-4EE5-A7E1-AE75A3C3C144}"
EndProject
Project("{9A19103F-16F7-4668-BE54-9A1E7A4F7556}") = "20 TrenchMap2", "TrenchMap2\20 TrenchMap2.csproj", "{BFD87F8A-D725-44A7-B925-AB026F7B561C}"
EndProject
Project("{9A19103F-16F7-4668-BE54-9A1E7A4F7556}") = "21 DiracDice", "DiracDice\21 DiracDice.csproj", "{A167B8C1-61B9-40EE-94EF-AF86B4AA3175}"
EndProject
Project("{9A19103F-16F7-4668-BE54-9A1E7A4F7556}") = "21 DiracDice2", "DiracDice2\21 DiracDice2.csproj", "{86FCC78E-EEFE-4FFE-88D5-F5F07C266368}"
EndProject
Project("{9A19103F-16F7-4668-BE54-9A1E7A4F7556}") = "22 ReactorReboot", "ReactorReboot\22 ReactorReboot.csproj", "{A5D7504A-C990-4662-A2A7-C6B0E738BC15}"
EndProject
Project("{9A19103F-16F7-4668-BE54-9A1E7A4F7556}") = "22 ReactorReboot2", "ReactorReboot2\22 ReactorReboot2.csproj", "{22EB5A06-1E5C-4AFC-A052-5E1FFC7F8BF8}"
EndProject
Project("{9A19103F-16F7-4668-BE54-9A1E7A4F7556}") = "23 Amphipod", "Amphipod\23 Amphipod.csproj", "{4BA9D864-3E89-41A0-9D5F-414C13022D0C}"
EndProject
Project("{9A19103F-16F7-4668-BE54-9A1E7A4F7556}") = "23 Amphipod2", "Amphipod2\23 Amphipod2.csproj", "{66AD19BD-76D1-4802-92FB-2A7D27DCCFB6}"
EndProject
Project("{9A19103F-16F7-4668-BE54-9A1E7A4F7556}") = "24 ArithmeticLogicUnit", "ArithmeticLogicUnit\24 ArithmeticLogicUnit.csproj", "{085DF9B4-0867-49F8-9FAD-A4BA135DA4CC}"
EndProject
Project("{FAE04EC0-301F-11D3-BF4B-00C04F79EFBC}") = "24 ArithmeticLogicUnit2", "ArithmeticLogicUnit2\24 ArithmeticLogicUnit2.csproj", "{F6460C58-1C99-459B-977A-6714A022AD26}"
EndProject
Project("{FAE04EC0-301F-11D3-BF4B-00C04F79EFBC}") = "25 SeaCucumber", "SeaCucumber\25 SeaCucumber.csproj", "{2A68E440-A413-40B9-BD5E-6EB2BDEE691B}"
EndProject
Global
	GlobalSection(SolutionConfigurationPlatforms) = preSolution
		Debug|Any CPU = Debug|Any CPU
		Release|Any CPU = Release|Any CPU
	EndGlobalSection
	GlobalSection(ProjectConfigurationPlatforms) = postSolution
		{B2B3AC11-37C8-46D7-9BE1-E9F085910146}.Debug|Any CPU.ActiveCfg = Debug|Any CPU
		{B2B3AC11-37C8-46D7-9BE1-E9F085910146}.Debug|Any CPU.Build.0 = Debug|Any CPU
		{B2B3AC11-37C8-46D7-9BE1-E9F085910146}.Release|Any CPU.ActiveCfg = Release|Any CPU
		{B2B3AC11-37C8-46D7-9BE1-E9F085910146}.Release|Any CPU.Build.0 = Release|Any CPU
		{BB7F3A22-AA71-4081-A31E-CE599858815F}.Debug|Any CPU.ActiveCfg = Debug|Any CPU
		{BB7F3A22-AA71-4081-A31E-CE599858815F}.Debug|Any CPU.Build.0 = Debug|Any CPU
		{BB7F3A22-AA71-4081-A31E-CE599858815F}.Release|Any CPU.ActiveCfg = Release|Any CPU
		{BB7F3A22-AA71-4081-A31E-CE599858815F}.Release|Any CPU.Build.0 = Release|Any CPU
		{04B34B3E-2CB9-44D4-9A89-D38115BF9AF6}.Debug|Any CPU.ActiveCfg = Debug|Any CPU
		{04B34B3E-2CB9-44D4-9A89-D38115BF9AF6}.Debug|Any CPU.Build.0 = Debug|Any CPU
		{04B34B3E-2CB9-44D4-9A89-D38115BF9AF6}.Release|Any CPU.ActiveCfg = Release|Any CPU
		{04B34B3E-2CB9-44D4-9A89-D38115BF9AF6}.Release|Any CPU.Build.0 = Release|Any CPU
		{F50C28AD-F0A5-441C-9B2F-CE6015BF896B}.Debug|Any CPU.ActiveCfg = Debug|Any CPU
		{F50C28AD-F0A5-441C-9B2F-CE6015BF896B}.Debug|Any CPU.Build.0 = Debug|Any CPU
		{F50C28AD-F0A5-441C-9B2F-CE6015BF896B}.Release|Any CPU.ActiveCfg = Release|Any CPU
		{F50C28AD-F0A5-441C-9B2F-CE6015BF896B}.Release|Any CPU.Build.0 = Release|Any CPU
		{18E11051-F835-4CE3-AD51-71C70C4904BF}.Debug|Any CPU.ActiveCfg = Debug|Any CPU
		{18E11051-F835-4CE3-AD51-71C70C4904BF}.Debug|Any CPU.Build.0 = Debug|Any CPU
		{18E11051-F835-4CE3-AD51-71C70C4904BF}.Release|Any CPU.ActiveCfg = Release|Any CPU
		{18E11051-F835-4CE3-AD51-71C70C4904BF}.Release|Any CPU.Build.0 = Release|Any CPU
		{306AA4FE-D010-447E-B4A2-39BB3C0405F9}.Debug|Any CPU.ActiveCfg = Debug|Any CPU
		{306AA4FE-D010-447E-B4A2-39BB3C0405F9}.Debug|Any CPU.Build.0 = Debug|Any CPU
		{306AA4FE-D010-447E-B4A2-39BB3C0405F9}.Release|Any CPU.ActiveCfg = Release|Any CPU
		{306AA4FE-D010-447E-B4A2-39BB3C0405F9}.Release|Any CPU.Build.0 = Release|Any CPU
		{353241F7-0C6F-43BA-BB0F-CC17AC7DE65B}.Debug|Any CPU.ActiveCfg = Debug|Any CPU
		{353241F7-0C6F-43BA-BB0F-CC17AC7DE65B}.Debug|Any CPU.Build.0 = Debug|Any CPU
		{353241F7-0C6F-43BA-BB0F-CC17AC7DE65B}.Release|Any CPU.ActiveCfg = Release|Any CPU
		{353241F7-0C6F-43BA-BB0F-CC17AC7DE65B}.Release|Any CPU.Build.0 = Release|Any CPU
		{DA55D0CD-77E8-4FDC-A3AE-8F93F6CE87A7}.Debug|Any CPU.ActiveCfg = Debug|Any CPU
		{DA55D0CD-77E8-4FDC-A3AE-8F93F6CE87A7}.Debug|Any CPU.Build.0 = Debug|Any CPU
		{DA55D0CD-77E8-4FDC-A3AE-8F93F6CE87A7}.Release|Any CPU.ActiveCfg = Release|Any CPU
		{DA55D0CD-77E8-4FDC-A3AE-8F93F6CE87A7}.Release|Any CPU.Build.0 = Release|Any CPU
		{8A44C1B2-14D9-421D-8392-A698BE83B47A}.Debug|Any CPU.ActiveCfg = Debug|Any CPU
		{8A44C1B2-14D9-421D-8392-A698BE83B47A}.Debug|Any CPU.Build.0 = Debug|Any CPU
		{8A44C1B2-14D9-421D-8392-A698BE83B47A}.Release|Any CPU.ActiveCfg = Release|Any CPU
		{8A44C1B2-14D9-421D-8392-A698BE83B47A}.Release|Any CPU.Build.0 = Release|Any CPU
		{5903E2DB-FE95-47C0-AFC7-60ABBD22E791}.Debug|Any CPU.ActiveCfg = Debug|Any CPU
		{5903E2DB-FE95-47C0-AFC7-60ABBD22E791}.Debug|Any CPU.Build.0 = Debug|Any CPU
		{5903E2DB-FE95-47C0-AFC7-60ABBD22E791}.Release|Any CPU.ActiveCfg = Release|Any CPU
		{5903E2DB-FE95-47C0-AFC7-60ABBD22E791}.Release|Any CPU.Build.0 = Release|Any CPU
		{FB27E817-4DFA-4A1E-B5E8-0AF54A5AF6C8}.Debug|Any CPU.ActiveCfg = Debug|Any CPU
		{FB27E817-4DFA-4A1E-B5E8-0AF54A5AF6C8}.Debug|Any CPU.Build.0 = Debug|Any CPU
		{FB27E817-4DFA-4A1E-B5E8-0AF54A5AF6C8}.Release|Any CPU.ActiveCfg = Release|Any CPU
		{FB27E817-4DFA-4A1E-B5E8-0AF54A5AF6C8}.Release|Any CPU.Build.0 = Release|Any CPU
		{8D663E17-93BE-4D24-8BF3-402A3DD1D0B9}.Debug|Any CPU.ActiveCfg = Debug|Any CPU
		{8D663E17-93BE-4D24-8BF3-402A3DD1D0B9}.Debug|Any CPU.Build.0 = Debug|Any CPU
		{8D663E17-93BE-4D24-8BF3-402A3DD1D0B9}.Release|Any CPU.ActiveCfg = Release|Any CPU
		{8D663E17-93BE-4D24-8BF3-402A3DD1D0B9}.Release|Any CPU.Build.0 = Release|Any CPU
		{27DA8AC6-68CE-4C1D-B40D-3EEA1E4BF942}.Debug|Any CPU.ActiveCfg = Debug|Any CPU
		{27DA8AC6-68CE-4C1D-B40D-3EEA1E4BF942}.Debug|Any CPU.Build.0 = Debug|Any CPU
		{27DA8AC6-68CE-4C1D-B40D-3EEA1E4BF942}.Release|Any CPU.ActiveCfg = Release|Any CPU
		{27DA8AC6-68CE-4C1D-B40D-3EEA1E4BF942}.Release|Any CPU.Build.0 = Release|Any CPU
		{25B9DED3-535D-4BAE-91F1-515124C5D1E8}.Debug|Any CPU.ActiveCfg = Debug|Any CPU
		{25B9DED3-535D-4BAE-91F1-515124C5D1E8}.Debug|Any CPU.Build.0 = Debug|Any CPU
		{25B9DED3-535D-4BAE-91F1-515124C5D1E8}.Release|Any CPU.ActiveCfg = Release|Any CPU
		{25B9DED3-535D-4BAE-91F1-515124C5D1E8}.Release|Any CPU.Build.0 = Release|Any CPU
		{AA72F252-C51D-4936-B855-863A227EFCD8}.Debug|Any CPU.ActiveCfg = Debug|Any CPU
		{AA72F252-C51D-4936-B855-863A227EFCD8}.Debug|Any CPU.Build.0 = Debug|Any CPU
		{AA72F252-C51D-4936-B855-863A227EFCD8}.Release|Any CPU.ActiveCfg = Release|Any CPU
		{AA72F252-C51D-4936-B855-863A227EFCD8}.Release|Any CPU.Build.0 = Release|Any CPU
		{24CB8DFF-703D-48E3-9BD4-E6AD66EC25B6}.Debug|Any CPU.ActiveCfg = Debug|Any CPU
		{24CB8DFF-703D-48E3-9BD4-E6AD66EC25B6}.Debug|Any CPU.Build.0 = Debug|Any CPU
		{24CB8DFF-703D-48E3-9BD4-E6AD66EC25B6}.Release|Any CPU.ActiveCfg = Release|Any CPU
		{24CB8DFF-703D-48E3-9BD4-E6AD66EC25B6}.Release|Any CPU.Build.0 = Release|Any CPU
		{BC8B130A-2C86-4F04-9D88-167CCECD1704}.Debug|Any CPU.ActiveCfg = Debug|Any CPU
		{BC8B130A-2C86-4F04-9D88-167CCECD1704}.Debug|Any CPU.Build.0 = Debug|Any CPU
		{BC8B130A-2C86-4F04-9D88-167CCECD1704}.Release|Any CPU.ActiveCfg = Release|Any CPU
		{BC8B130A-2C86-4F04-9D88-167CCECD1704}.Release|Any CPU.Build.0 = Release|Any CPU
		{762F603D-3960-469E-B9C8-A08B38D0E5A4}.Debug|Any CPU.ActiveCfg = Debug|Any CPU
		{762F603D-3960-469E-B9C8-A08B38D0E5A4}.Debug|Any CPU.Build.0 = Debug|Any CPU
		{762F603D-3960-469E-B9C8-A08B38D0E5A4}.Release|Any CPU.ActiveCfg = Release|Any CPU
		{762F603D-3960-469E-B9C8-A08B38D0E5A4}.Release|Any CPU.Build.0 = Release|Any CPU
		{3D40DA50-228A-4CD6-871C-BE5809A25EAC}.Debug|Any CPU.ActiveCfg = Debug|Any CPU
		{3D40DA50-228A-4CD6-871C-BE5809A25EAC}.Debug|Any CPU.Build.0 = Debug|Any CPU
		{3D40DA50-228A-4CD6-871C-BE5809A25EAC}.Release|Any CPU.ActiveCfg = Release|Any CPU
		{3D40DA50-228A-4CD6-871C-BE5809A25EAC}.Release|Any CPU.Build.0 = Release|Any CPU
		{51559E5C-B01D-4508-91CA-9A47BAE4E402}.Debug|Any CPU.ActiveCfg = Debug|Any CPU
		{51559E5C-B01D-4508-91CA-9A47BAE4E402}.Debug|Any CPU.Build.0 = Debug|Any CPU
		{51559E5C-B01D-4508-91CA-9A47BAE4E402}.Release|Any CPU.ActiveCfg = Release|Any CPU
		{51559E5C-B01D-4508-91CA-9A47BAE4E402}.Release|Any CPU.Build.0 = Release|Any CPU
		{85B14EB7-EEEA-4936-940B-B7E1EF6E8953}.Debug|Any CPU.ActiveCfg = Debug|Any CPU
		{85B14EB7-EEEA-4936-940B-B7E1EF6E8953}.Debug|Any CPU.Build.0 = Debug|Any CPU
		{85B14EB7-EEEA-4936-940B-B7E1EF6E8953}.Release|Any CPU.ActiveCfg = Release|Any CPU
		{85B14EB7-EEEA-4936-940B-B7E1EF6E8953}.Release|Any CPU.Build.0 = Release|Any CPU
		{991BCC4B-1556-40D8-A057-AF878A868FD4}.Debug|Any CPU.ActiveCfg = Debug|Any CPU
		{991BCC4B-1556-40D8-A057-AF878A868FD4}.Debug|Any CPU.Build.0 = Debug|Any CPU
		{991BCC4B-1556-40D8-A057-AF878A868FD4}.Release|Any CPU.ActiveCfg = Release|Any CPU
		{991BCC4B-1556-40D8-A057-AF878A868FD4}.Release|Any CPU.Build.0 = Release|Any CPU
		{AD9FEA3A-4914-4082-9A5B-C780553A7225}.Debug|Any CPU.ActiveCfg = Debug|Any CPU
		{AD9FEA3A-4914-4082-9A5B-C780553A7225}.Debug|Any CPU.Build.0 = Debug|Any CPU
		{AD9FEA3A-4914-4082-9A5B-C780553A7225}.Release|Any CPU.ActiveCfg = Release|Any CPU
		{AD9FEA3A-4914-4082-9A5B-C780553A7225}.Release|Any CPU.Build.0 = Release|Any CPU
		{1674B2E6-E7A8-4C7D-AC8A-58BAC17558D4}.Debug|Any CPU.ActiveCfg = Debug|Any CPU
		{1674B2E6-E7A8-4C7D-AC8A-58BAC17558D4}.Debug|Any CPU.Build.0 = Debug|Any CPU
		{1674B2E6-E7A8-4C7D-AC8A-58BAC17558D4}.Release|Any CPU.ActiveCfg = Release|Any CPU
		{1674B2E6-E7A8-4C7D-AC8A-58BAC17558D4}.Release|Any CPU.Build.0 = Release|Any CPU
		{73F746AD-0BE4-4A54-A451-76694DDDDECF}.Debug|Any CPU.ActiveCfg = Debug|Any CPU
		{73F746AD-0BE4-4A54-A451-76694DDDDECF}.Debug|Any CPU.Build.0 = Debug|Any CPU
		{73F746AD-0BE4-4A54-A451-76694DDDDECF}.Release|Any CPU.ActiveCfg = Release|Any CPU
		{73F746AD-0BE4-4A54-A451-76694DDDDECF}.Release|Any CPU.Build.0 = Release|Any CPU
		{85640EED-EBD6-4D45-842B-92EFC4110064}.Debug|Any CPU.ActiveCfg = Debug|Any CPU
		{85640EED-EBD6-4D45-842B-92EFC4110064}.Debug|Any CPU.Build.0 = Debug|Any CPU
		{85640EED-EBD6-4D45-842B-92EFC4110064}.Release|Any CPU.ActiveCfg = Release|Any CPU
		{85640EED-EBD6-4D45-842B-92EFC4110064}.Release|Any CPU.Build.0 = Release|Any CPU
		{262A1519-FA5D-4674-BDE1-DD20076B186D}.Debug|Any CPU.ActiveCfg = Debug|Any CPU
		{262A1519-FA5D-4674-BDE1-DD20076B186D}.Debug|Any CPU.Build.0 = Debug|Any CPU
		{262A1519-FA5D-4674-BDE1-DD20076B186D}.Release|Any CPU.ActiveCfg = Release|Any CPU
		{262A1519-FA5D-4674-BDE1-DD20076B186D}.Release|Any CPU.Build.0 = Release|Any CPU
		{6C63E54F-2BEB-4176-B01B-6327C42AE72A}.Debug|Any CPU.ActiveCfg = Debug|Any CPU
		{6C63E54F-2BEB-4176-B01B-6327C42AE72A}.Debug|Any CPU.Build.0 = Debug|Any CPU
		{6C63E54F-2BEB-4176-B01B-6327C42AE72A}.Release|Any CPU.ActiveCfg = Release|Any CPU
		{6C63E54F-2BEB-4176-B01B-6327C42AE72A}.Release|Any CPU.Build.0 = Release|Any CPU
		{2B0B11FA-F568-443F-AA12-AF8F8C6FE8C6}.Debug|Any CPU.ActiveCfg = Debug|Any CPU
		{2B0B11FA-F568-443F-AA12-AF8F8C6FE8C6}.Debug|Any CPU.Build.0 = Debug|Any CPU
		{2B0B11FA-F568-443F-AA12-AF8F8C6FE8C6}.Release|Any CPU.ActiveCfg = Release|Any CPU
		{2B0B11FA-F568-443F-AA12-AF8F8C6FE8C6}.Release|Any CPU.Build.0 = Release|Any CPU
		{33DBE421-ABB6-43D2-A34E-F3E7778174E7}.Debug|Any CPU.ActiveCfg = Debug|Any CPU
		{33DBE421-ABB6-43D2-A34E-F3E7778174E7}.Debug|Any CPU.Build.0 = Debug|Any CPU
		{33DBE421-ABB6-43D2-A34E-F3E7778174E7}.Release|Any CPU.ActiveCfg = Release|Any CPU
		{33DBE421-ABB6-43D2-A34E-F3E7778174E7}.Release|Any CPU.Build.0 = Release|Any CPU
		{041D37B2-254E-4CE6-AAFF-AA7B4ECAF33E}.Debug|Any CPU.ActiveCfg = Debug|Any CPU
		{041D37B2-254E-4CE6-AAFF-AA7B4ECAF33E}.Debug|Any CPU.Build.0 = Debug|Any CPU
		{041D37B2-254E-4CE6-AAFF-AA7B4ECAF33E}.Release|Any CPU.ActiveCfg = Release|Any CPU
		{041D37B2-254E-4CE6-AAFF-AA7B4ECAF33E}.Release|Any CPU.Build.0 = Release|Any CPU
		{85BB4CCD-CB0C-421D-B1ED-BB015339CAC9}.Debug|Any CPU.ActiveCfg = Debug|Any CPU
		{85BB4CCD-CB0C-421D-B1ED-BB015339CAC9}.Debug|Any CPU.Build.0 = Debug|Any CPU
		{85BB4CCD-CB0C-421D-B1ED-BB015339CAC9}.Release|Any CPU.ActiveCfg = Release|Any CPU
		{85BB4CCD-CB0C-421D-B1ED-BB015339CAC9}.Release|Any CPU.Build.0 = Release|Any CPU
		{E90FDECB-89EC-4D30-A1A0-D9750DC3187C}.Debug|Any CPU.ActiveCfg = Debug|Any CPU
		{E90FDECB-89EC-4D30-A1A0-D9750DC3187C}.Debug|Any CPU.Build.0 = Debug|Any CPU
		{E90FDECB-89EC-4D30-A1A0-D9750DC3187C}.Release|Any CPU.ActiveCfg = Release|Any CPU
		{E90FDECB-89EC-4D30-A1A0-D9750DC3187C}.Release|Any CPU.Build.0 = Release|Any CPU
		{50D53FAF-A2D3-4D2A-86AC-AAE494A1F534}.Debug|Any CPU.ActiveCfg = Debug|Any CPU
		{50D53FAF-A2D3-4D2A-86AC-AAE494A1F534}.Debug|Any CPU.Build.0 = Debug|Any CPU
		{50D53FAF-A2D3-4D2A-86AC-AAE494A1F534}.Release|Any CPU.ActiveCfg = Release|Any CPU
		{50D53FAF-A2D3-4D2A-86AC-AAE494A1F534}.Release|Any CPU.Build.0 = Release|Any CPU
		{33061889-7EF2-4B48-94F9-756D3D85B1E8}.Debug|Any CPU.ActiveCfg = Debug|Any CPU
		{33061889-7EF2-4B48-94F9-756D3D85B1E8}.Debug|Any CPU.Build.0 = Debug|Any CPU
		{33061889-7EF2-4B48-94F9-756D3D85B1E8}.Release|Any CPU.ActiveCfg = Release|Any CPU
		{33061889-7EF2-4B48-94F9-756D3D85B1E8}.Release|Any CPU.Build.0 = Release|Any CPU
		{EB2F6F9C-950B-4344-8108-08AB08782368}.Debug|Any CPU.ActiveCfg = Debug|Any CPU
		{EB2F6F9C-950B-4344-8108-08AB08782368}.Debug|Any CPU.Build.0 = Debug|Any CPU
		{EB2F6F9C-950B-4344-8108-08AB08782368}.Release|Any CPU.ActiveCfg = Release|Any CPU
		{EB2F6F9C-950B-4344-8108-08AB08782368}.Release|Any CPU.Build.0 = Release|Any CPU
		{3219E0A9-F4ED-448E-A51D-5EE742917753}.Debug|Any CPU.ActiveCfg = Debug|Any CPU
		{3219E0A9-F4ED-448E-A51D-5EE742917753}.Debug|Any CPU.Build.0 = Debug|Any CPU
		{3219E0A9-F4ED-448E-A51D-5EE742917753}.Release|Any CPU.ActiveCfg = Release|Any CPU
		{3219E0A9-F4ED-448E-A51D-5EE742917753}.Release|Any CPU.Build.0 = Release|Any CPU
		{2E20DF17-1E8F-4D56-B4B4-37F6DD84FDB4}.Debug|Any CPU.ActiveCfg = Debug|Any CPU
		{2E20DF17-1E8F-4D56-B4B4-37F6DD84FDB4}.Debug|Any CPU.Build.0 = Debug|Any CPU
		{2E20DF17-1E8F-4D56-B4B4-37F6DD84FDB4}.Release|Any CPU.ActiveCfg = Release|Any CPU
		{2E20DF17-1E8F-4D56-B4B4-37F6DD84FDB4}.Release|Any CPU.Build.0 = Release|Any CPU
		{FB48266D-9A84-4ACA-B32B-9BA7CB5A3D1C}.Debug|Any CPU.ActiveCfg = Debug|Any CPU
		{FB48266D-9A84-4ACA-B32B-9BA7CB5A3D1C}.Debug|Any CPU.Build.0 = Debug|Any CPU
		{FB48266D-9A84-4ACA-B32B-9BA7CB5A3D1C}.Release|Any CPU.ActiveCfg = Release|Any CPU
		{FB48266D-9A84-4ACA-B32B-9BA7CB5A3D1C}.Release|Any CPU.Build.0 = Release|Any CPU
		{8E5673CC-C98C-4EE5-A7E1-AE75A3C3C144}.Debug|Any CPU.ActiveCfg = Debug|Any CPU
		{8E5673CC-C98C-4EE5-A7E1-AE75A3C3C144}.Debug|Any CPU.Build.0 = Debug|Any CPU
		{8E5673CC-C98C-4EE5-A7E1-AE75A3C3C144}.Release|Any CPU.ActiveCfg = Release|Any CPU
		{8E5673CC-C98C-4EE5-A7E1-AE75A3C3C144}.Release|Any CPU.Build.0 = Release|Any CPU
		{BFD87F8A-D725-44A7-B925-AB026F7B561C}.Debug|Any CPU.ActiveCfg = Debug|Any CPU
		{BFD87F8A-D725-44A7-B925-AB026F7B561C}.Debug|Any CPU.Build.0 = Debug|Any CPU
		{BFD87F8A-D725-44A7-B925-AB026F7B561C}.Release|Any CPU.ActiveCfg = Release|Any CPU
		{BFD87F8A-D725-44A7-B925-AB026F7B561C}.Release|Any CPU.Build.0 = Release|Any CPU
		{A167B8C1-61B9-40EE-94EF-AF86B4AA3175}.Debug|Any CPU.ActiveCfg = Debug|Any CPU
		{A167B8C1-61B9-40EE-94EF-AF86B4AA3175}.Debug|Any CPU.Build.0 = Debug|Any CPU
		{A167B8C1-61B9-40EE-94EF-AF86B4AA3175}.Release|Any CPU.ActiveCfg = Release|Any CPU
		{A167B8C1-61B9-40EE-94EF-AF86B4AA3175}.Release|Any CPU.Build.0 = Release|Any CPU
		{86FCC78E-EEFE-4FFE-88D5-F5F07C266368}.Debug|Any CPU.ActiveCfg = Debug|Any CPU
		{86FCC78E-EEFE-4FFE-88D5-F5F07C266368}.Debug|Any CPU.Build.0 = Debug|Any CPU
		{86FCC78E-EEFE-4FFE-88D5-F5F07C266368}.Release|Any CPU.ActiveCfg = Release|Any CPU
		{86FCC78E-EEFE-4FFE-88D5-F5F07C266368}.Release|Any CPU.Build.0 = Release|Any CPU
		{A5D7504A-C990-4662-A2A7-C6B0E738BC15}.Debug|Any CPU.ActiveCfg = Debug|Any CPU
		{A5D7504A-C990-4662-A2A7-C6B0E738BC15}.Debug|Any CPU.Build.0 = Debug|Any CPU
		{A5D7504A-C990-4662-A2A7-C6B0E738BC15}.Release|Any CPU.ActiveCfg = Release|Any CPU
		{A5D7504A-C990-4662-A2A7-C6B0E738BC15}.Release|Any CPU.Build.0 = Release|Any CPU
		{22EB5A06-1E5C-4AFC-A052-5E1FFC7F8BF8}.Debug|Any CPU.ActiveCfg = Debug|Any CPU
		{22EB5A06-1E5C-4AFC-A052-5E1FFC7F8BF8}.Debug|Any CPU.Build.0 = Debug|Any CPU
		{22EB5A06-1E5C-4AFC-A052-5E1FFC7F8BF8}.Release|Any CPU.ActiveCfg = Release|Any CPU
		{22EB5A06-1E5C-4AFC-A052-5E1FFC7F8BF8}.Release|Any CPU.Build.0 = Release|Any CPU
		{4BA9D864-3E89-41A0-9D5F-414C13022D0C}.Debug|Any CPU.ActiveCfg = Debug|Any CPU
		{4BA9D864-3E89-41A0-9D5F-414C13022D0C}.Debug|Any CPU.Build.0 = Debug|Any CPU
		{4BA9D864-3E89-41A0-9D5F-414C13022D0C}.Release|Any CPU.ActiveCfg = Release|Any CPU
		{4BA9D864-3E89-41A0-9D5F-414C13022D0C}.Release|Any CPU.Build.0 = Release|Any CPU
		{66AD19BD-76D1-4802-92FB-2A7D27DCCFB6}.Debug|Any CPU.ActiveCfg = Debug|Any CPU
		{66AD19BD-76D1-4802-92FB-2A7D27DCCFB6}.Debug|Any CPU.Build.0 = Debug|Any CPU
		{66AD19BD-76D1-4802-92FB-2A7D27DCCFB6}.Release|Any CPU.ActiveCfg = Release|Any CPU
		{66AD19BD-76D1-4802-92FB-2A7D27DCCFB6}.Release|Any CPU.Build.0 = Release|Any CPU
		{085DF9B4-0867-49F8-9FAD-A4BA135DA4CC}.Debug|Any CPU.ActiveCfg = Debug|Any CPU
		{085DF9B4-0867-49F8-9FAD-A4BA135DA4CC}.Debug|Any CPU.Build.0 = Debug|Any CPU
		{085DF9B4-0867-49F8-9FAD-A4BA135DA4CC}.Release|Any CPU.ActiveCfg = Release|Any CPU
		{085DF9B4-0867-49F8-9FAD-A4BA135DA4CC}.Release|Any CPU.Build.0 = Release|Any CPU
		{F6460C58-1C99-459B-977A-6714A022AD26}.Debug|Any CPU.ActiveCfg = Debug|Any CPU
		{F6460C58-1C99-459B-977A-6714A022AD26}.Debug|Any CPU.Build.0 = Debug|Any CPU
		{F6460C58-1C99-459B-977A-6714A022AD26}.Release|Any CPU.ActiveCfg = Release|Any CPU
		{F6460C58-1C99-459B-977A-6714A022AD26}.Release|Any CPU.Build.0 = Release|Any CPU
		{2A68E440-A413-40B9-BD5E-6EB2BDEE691B}.Debug|Any CPU.ActiveCfg = Debug|Any CPU
		{2A68E440-A413-40B9-BD5E-6EB2BDEE691B}.Debug|Any CPU.Build.0 = Debug|Any CPU
		{2A68E440-A413-40B9-BD5E-6EB2BDEE691B}.Release|Any CPU.ActiveCfg = Release|Any CPU
		{2A68E440-A413-40B9-BD5E-6EB2BDEE691B}.Release|Any CPU.Build.0 = Release|Any CPU
	EndGlobalSection
	GlobalSection(SolutionProperties) = preSolution
		HideSolutionNode = FALSE
	EndGlobalSection
	GlobalSection(ExtensibilityGlobals) = postSolution
		SolutionGuid = {E2F158FD-B957-4804-B732-152C2B2AEC5F}
	EndGlobalSection
EndGlobal
